# generated by rye
# use `rye lock` or `rye sync` to update this lockfile
#
# last locked with the following flags:
#   pre: false
#   features: []
#   all-features: false
#   with-sources: false

-e file:.
numpy==1.26.4
    # via rdkit
pillow==10.3.0
    # via rdkit
rdkit==2023.9.6
    # via adme-py
